
Microsoft Visual Studio Solution File, Format Version 12.00
# Visual Studio Version 17
VisualStudioVersion = 17.4.33110.190
MinimumVisualStudioVersion = 10.0.40219.1
Project("{FAE04EC0-301F-11D3-BF4B-00C04F79EFBC}") = "FormAppYUS", "FormAppYUS.csproj", "{57AB5952-8F65-4D38-9ECA-60A753353FAC}"
EndProject
Global
	GlobalSection(SolutionConfigurationPlatforms) = preSolution
		Debug|Any CPU = Debug|Any CPU
		Release|Any CPU = Release|Any CPU
	EndGlobalSection
	GlobalSection(ProjectConfigurationPlatforms) = postSolution
		{57AB5952-8F65-4D38-9ECA-60A753353FAC}.Debug|Any CPU.ActiveCfg = Debug|Any CPU
		{57AB5952-8F65-4D38-9ECA-60A753353FAC}.Debug|Any CPU.Build.0 = Debug|Any CPU
		{57AB5952-8F65-4D38-9ECA-60A753353FAC}.Release|Any CPU.ActiveCfg = Release|Any CPU
		{57AB5952-8F65-4D38-9ECA-60A753353FAC}.Release|Any CPU.Build.0 = Release|Any CPU
	EndGlobalSection
	GlobalSection(SolutionProperties) = preSolution
		HideSolutionNode = FALSE
	EndGlobalSection
	GlobalSection(ExtensibilityGlobals) = postSolution
		SolutionGuid = {549708EB-C665-408A-9A34-DEBBBB96DDDD}
	EndGlobalSection
EndGlobal
